{
  "name": "@eurobase/sdk",
  "version": "0.1.0",
  "lockfileVersion": 3,
  "requires": true,
  "packages": {
    "": {
      "name": "@eurobase/sdk",
      "version": "0.1.0",
      "license": "MIT",
      "dependencies": {
        "@eurobase/sdk": "^0.1.0"
      },
      "devDependencies": {
        "typescript": "^5.9.3"
      },
      "engines": {
        "node": ">=18"
      }
    },
    "node_modules/@eurobase/sdk": {
      "version": "0.1.0",
      "resolved": "https://registry.npmjs.org/@eurobase/sdk/-/sdk-0.1.0.tgz",
      "integrity": "sha512-F2iFJXs43RRfKyO0fLYIFPbAKaq/iYJwPNrQMxsClA47E9LuMoNoJyrPbVspF6EGo7kV6+3O6HSZtrzvpWK7VA==",
      "license": "MIT",
      "engines": {
        "node": ">=18"
      }
    },
    "node_modules/typescript": {
      "version": "5.9.3",
      "resolved": "https://registry.npmjs.org/typescript/-/typescript-5.9.3.tgz",
      "integrity": "sha512-jl1vZzPDinLr9eUt3J/t7V6FgNEw9QjvBPdysz9KfQDD41fQrC2Y4vKQdiaUpFT4bXlb1RHhLpp8wtm6M5TgSw==",
      "dev": true,
      "license": "Apache-2.0",
      "bin": {
        "tsc": "bin/tsc",
        "tsserver": "bin/tsserver"
      },
      "engines": {
        "node": ">=14.17"
      }
    }
  }
}
